// !$*UTF8*$!
{
	archiveVersion = 1;
	classes = {
	};
	objectVersion = 50;
	objects = {

/* Begin PBXBuildFile section */
		C903DD6823A5430900CEA7AF /* Property List.json in Resources */ = {isa = PBXBuildFile; fileRef = C903DD6723A5430900CEA7AF /* Property List.json */; };
		C9304B8C23AEB810000B9388 /* Media.xcassets in Resources */ = {isa = PBXBuildFile; fileRef = C9304B8B23AEB810000B9388 /* Media.xcassets */; };
		C9304B9523AEB810000B9388 /* View JSON or Plist.appex in Embed App Extensions */ = {isa = PBXBuildFile; fileRef = C9304B8923AEB810000B9388 /* View JSON or Plist.appex */; settings = {ATTRIBUTES = (RemoveHeadersOnCopy, ); }; };
		C9304B9B23AEBE61000B9388 /* ExtensionPreProcessing.js in Resources */ = {isa = PBXBuildFile; fileRef = C9304B9A23AEBE61000B9388 /* ExtensionPreProcessing.js */; };
		C9304B9C23AEC454000B9388 /* Main.storyboard in Resources */ = {isa = PBXBuildFile; fileRef = C935AA5523A445FA00C9B34A /* Main.storyboard */; };
		C9304B9D23AEC45B000B9388 /* TextField.xib in Resources */ = {isa = PBXBuildFile; fileRef = C958540123AC4FF7001B26CE /* TextField.xib */; };
		C9304B9E23AEC46B000B9388 /* DocumentViewController.swift in Sources */ = {isa = PBXBuildFile; fileRef = C935AA5123A445FA00C9B34A /* DocumentViewController.swift */; };
		C9304B9F23AEC46B000B9388 /* ConsoleViewController.swift in Sources */ = {isa = PBXBuildFile; fileRef = C95853FF23AC4F26001B26CE /* ConsoleViewController.swift */; };
		C9304BA023AEC46B000B9388 /* Document.swift in Sources */ = {isa = PBXBuildFile; fileRef = C935AA5323A445FA00C9B34A /* Document.swift */; };
		C9304BA123AEC46B000B9388 /* MovableTextField.swift in Sources */ = {isa = PBXBuildFile; fileRef = C95853FD23AC4ED2001B26CE /* MovableTextField.swift */; };
		C9304BA223AEC46B000B9388 /* UITextView.swift in Sources */ = {isa = PBXBuildFile; fileRef = C958540523AC545E001B26CE /* UITextView.swift */; };
		C9304BA323AECAA6000B9388 /* DocumentBrowserViewController.swift in Sources */ = {isa = PBXBuildFile; fileRef = C935AA4F23A445FA00C9B34A /* DocumentBrowserViewController.swift */; };
		C935AA4E23A445FA00C9B34A /* AppDelegate.swift in Sources */ = {isa = PBXBuildFile; fileRef = C935AA4D23A445FA00C9B34A /* AppDelegate.swift */; };
		C935AA5023A445FA00C9B34A /* DocumentBrowserViewController.swift in Sources */ = {isa = PBXBuildFile; fileRef = C935AA4F23A445FA00C9B34A /* DocumentBrowserViewController.swift */; };
		C935AA5223A445FA00C9B34A /* DocumentViewController.swift in Sources */ = {isa = PBXBuildFile; fileRef = C935AA5123A445FA00C9B34A /* DocumentViewController.swift */; };
		C935AA5423A445FA00C9B34A /* Document.swift in Sources */ = {isa = PBXBuildFile; fileRef = C935AA5323A445FA00C9B34A /* Document.swift */; };
		C935AA5723A445FA00C9B34A /* Main.storyboard in Resources */ = {isa = PBXBuildFile; fileRef = C935AA5523A445FA00C9B34A /* Main.storyboard */; };
		C935AA5923A445FC00C9B34A /* Assets.xcassets in Resources */ = {isa = PBXBuildFile; fileRef = C935AA5823A445FC00C9B34A /* Assets.xcassets */; };
		C935AA5C23A445FC00C9B34A /* LaunchScreen.storyboard in Resources */ = {isa = PBXBuildFile; fileRef = C935AA5A23A445FC00C9B34A /* LaunchScreen.storyboard */; };
		C935AA6623A4477500C9B34A /* Property List.plist in Resources */ = {isa = PBXBuildFile; fileRef = C935AA6523A4477500C9B34A /* Property List.plist */; };
		C95853FE23AC4ED2001B26CE /* MovableTextField.swift in Sources */ = {isa = PBXBuildFile; fileRef = C95853FD23AC4ED2001B26CE /* MovableTextField.swift */; };
		C958540023AC4F26001B26CE /* ConsoleViewController.swift in Sources */ = {isa = PBXBuildFile; fileRef = C95853FF23AC4F26001B26CE /* ConsoleViewController.swift */; };
		C958540223AC4FF7001B26CE /* TextField.xib in Resources */ = {isa = PBXBuildFile; fileRef = C958540123AC4FF7001B26CE /* TextField.xib */; };
		C958540623AC545E001B26CE /* UITextView.swift in Sources */ = {isa = PBXBuildFile; fileRef = C958540523AC545E001B26CE /* UITextView.swift */; };
		C97E7A4123A842170061DAE2 /* SceneDelegate.swift in Sources */ = {isa = PBXBuildFile; fileRef = C97E7A4023A842170061DAE2 /* SceneDelegate.swift */; };
/* End PBXBuildFile section */

/* Begin PBXContainerItemProxy section */
		C9304B9323AEB810000B9388 /* PBXContainerItemProxy */ = {
			isa = PBXContainerItemProxy;
			containerPortal = C935AA4223A445FA00C9B34A /* Project object */;
			proxyType = 1;
			remoteGlobalIDString = C9304B8823AEB810000B9388;
			remoteInfo = "View JSON or Plist";
		};
/* End PBXContainerItemProxy section */

/* Begin PBXCopyFilesBuildPhase section */
		C9304B9623AEB810000B9388 /* Embed App Extensions */ = {
			isa = PBXCopyFilesBuildPhase;
			buildActionMask = 2147483647;
			dstPath = "";
			dstSubfolderSpec = 13;
			files = (
				C9304B9523AEB810000B9388 /* View JSON or Plist.appex in Embed App Extensions */,
			);
			name = "Embed App Extensions";
			runOnlyForDeploymentPostprocessing = 0;
		};
/* End PBXCopyFilesBuildPhase section */

/* Begin PBXFileReference section */
		C903DD6723A5430900CEA7AF /* Property List.json */ = {isa = PBXFileReference; lastKnownFileType = text.json; path = "Property List.json"; sourceTree = "<group>"; };
		C903DD6923A5452200CEA7AF /* Plistor.entitlements */ = {isa = PBXFileReference; lastKnownFileType = text.plist.entitlements; path = Plistor.entitlements; sourceTree = "<group>"; };
		C9304B8923AEB810000B9388 /* View JSON or Plist.appex */ = {isa = PBXFileReference; explicitFileType = "wrapper.app-extension"; includeInIndex = 0; path = "View JSON or Plist.appex"; sourceTree = BUILT_PRODUCTS_DIR; };
		C9304B8B23AEB810000B9388 /* Media.xcassets */ = {isa = PBXFileReference; lastKnownFileType = folder.assetcatalog; path = Media.xcassets; sourceTree = "<group>"; };
		C9304B9223AEB810000B9388 /* Info.plist */ = {isa = PBXFileReference; lastKnownFileType = text.plist.xml; path = Info.plist; sourceTree = "<group>"; };
		C9304B9A23AEBE61000B9388 /* ExtensionPreProcessing.js */ = {isa = PBXFileReference; lastKnownFileType = sourcecode.javascript; path = ExtensionPreProcessing.js; sourceTree = "<group>"; };
		C935AA4A23A445FA00C9B34A /* Plistor.app */ = {isa = PBXFileReference; explicitFileType = wrapper.application; includeInIndex = 0; path = Plistor.app; sourceTree = BUILT_PRODUCTS_DIR; };
		C935AA4D23A445FA00C9B34A /* AppDelegate.swift */ = {isa = PBXFileReference; lastKnownFileType = sourcecode.swift; path = AppDelegate.swift; sourceTree = "<group>"; };
		C935AA4F23A445FA00C9B34A /* DocumentBrowserViewController.swift */ = {isa = PBXFileReference; lastKnownFileType = sourcecode.swift; path = DocumentBrowserViewController.swift; sourceTree = "<group>"; };
		C935AA5123A445FA00C9B34A /* DocumentViewController.swift */ = {isa = PBXFileReference; lastKnownFileType = sourcecode.swift; path = DocumentViewController.swift; sourceTree = "<group>"; };
		C935AA5323A445FA00C9B34A /* Document.swift */ = {isa = PBXFileReference; lastKnownFileType = sourcecode.swift; path = Document.swift; sourceTree = "<group>"; };
		C935AA5623A445FA00C9B34A /* Base */ = {isa = PBXFileReference; lastKnownFileType = file.storyboard; name = Base; path = Base.lproj/Main.storyboard; sourceTree = "<group>"; };
		C935AA5823A445FC00C9B34A /* Assets.xcassets */ = {isa = PBXFileReference; lastKnownFileType = folder.assetcatalog; path = Assets.xcassets; sourceTree = "<group>"; };
		C935AA5B23A445FC00C9B34A /* Base */ = {isa = PBXFileReference; lastKnownFileType = file.storyboard; name = Base; path = Base.lproj/LaunchScreen.storyboard; sourceTree = "<group>"; };
		C935AA5D23A445FC00C9B34A /* Info.plist */ = {isa = PBXFileReference; lastKnownFileType = text.plist.xml; path = Info.plist; sourceTree = "<group>"; };
		C935AA6523A4477500C9B34A /* Property List.plist */ = {isa = PBXFileReference; lastKnownFileType = text.plist.xml; path = "Property List.plist"; sourceTree = "<group>"; };
		C95853FD23AC4ED2001B26CE /* MovableTextField.swift */ = {isa = PBXFileReference; lastKnownFileType = sourcecode.swift; path = MovableTextField.swift; sourceTree = "<group>"; };
		C95853FF23AC4F26001B26CE /* ConsoleViewController.swift */ = {isa = PBXFileReference; lastKnownFileType = sourcecode.swift; path = ConsoleViewController.swift; sourceTree = "<group>"; };
		C958540123AC4FF7001B26CE /* TextField.xib */ = {isa = PBXFileReference; fileEncoding = 4; lastKnownFileType = file.xib; path = TextField.xib; sourceTree = "<group>"; };
		C958540523AC545E001B26CE /* UITextView.swift */ = {isa = PBXFileReference; lastKnownFileType = sourcecode.swift; path = UITextView.swift; sourceTree = "<group>"; };
		C97BD6E823A9B5ED00CB4681 /* README.md */ = {isa = PBXFileReference; lastKnownFileType = net.daringfireball.markdown; path = README.md; sourceTree = "<group>"; };
		C97E7A4023A842170061DAE2 /* SceneDelegate.swift */ = {isa = PBXFileReference; lastKnownFileType = sourcecode.swift; path = SceneDelegate.swift; sourceTree = "<group>"; };
/* End PBXFileReference section */

/* Begin PBXFrameworksBuildPhase section */
		C9304B8623AEB810000B9388 /* Frameworks */ = {
			isa = PBXFrameworksBuildPhase;
			buildActionMask = 2147483647;
			files = (
			);
			runOnlyForDeploymentPostprocessing = 0;
		};
		C935AA4723A445FA00C9B34A /* Frameworks */ = {
			isa = PBXFrameworksBuildPhase;
			buildActionMask = 2147483647;
			files = (
			);
			runOnlyForDeploymentPostprocessing = 0;
		};
/* End PBXFrameworksBuildPhase section */

/* Begin PBXGroup section */
		C9304B8A23AEB810000B9388 /* View JSON or Plist */ = {
			isa = PBXGroup;
			children = (
				C9304B8B23AEB810000B9388 /* Media.xcassets */,
				C9304B9223AEB810000B9388 /* Info.plist */,
				C9304B9A23AEBE61000B9388 /* ExtensionPreProcessing.js */,
			);
			path = "View JSON or Plist";
			sourceTree = "<group>";
		};
		C935AA4123A445FA00C9B34A = {
			isa = PBXGroup;
			children = (
				C97BD6E823A9B5ED00CB4681 /* README.md */,
				C935AA4C23A445FA00C9B34A /* Plistor */,
				C9304B8A23AEB810000B9388 /* View JSON or Plist */,
				C935AA4B23A445FA00C9B34A /* Products */,
			);
			sourceTree = "<group>";
		};
		C935AA4B23A445FA00C9B34A /* Products */ = {
			isa = PBXGroup;
			children = (
				C935AA4A23A445FA00C9B34A /* Plistor.app */,
				C9304B8923AEB810000B9388 /* View JSON or Plist.appex */,
			);
			name = Products;
			sourceTree = "<group>";
		};
		C935AA4C23A445FA00C9B34A /* Plistor */ = {
			isa = PBXGroup;
			children = (
				C903DD6923A5452200CEA7AF /* Plistor.entitlements */,
				C935AA4D23A445FA00C9B34A /* AppDelegate.swift */,
				C97E7A4023A842170061DAE2 /* SceneDelegate.swift */,
				C935AA4F23A445FA00C9B34A /* DocumentBrowserViewController.swift */,
				C935AA5123A445FA00C9B34A /* DocumentViewController.swift */,
				C95853FF23AC4F26001B26CE /* ConsoleViewController.swift */,
				C935AA5323A445FA00C9B34A /* Document.swift */,
				C95853FD23AC4ED2001B26CE /* MovableTextField.swift */,
				C958540523AC545E001B26CE /* UITextView.swift */,
				C958540123AC4FF7001B26CE /* TextField.xib */,
				C935AA5523A445FA00C9B34A /* Main.storyboard */,
				C935AA5823A445FC00C9B34A /* Assets.xcassets */,
				C935AA5A23A445FC00C9B34A /* LaunchScreen.storyboard */,
				C935AA5D23A445FC00C9B34A /* Info.plist */,
				C935AA6523A4477500C9B34A /* Property List.plist */,
				C903DD6723A5430900CEA7AF /* Property List.json */,
			);
			path = Plistor;
			sourceTree = "<group>";
		};
/* End PBXGroup section */

/* Begin PBXNativeTarget section */
		C9304B8823AEB810000B9388 /* View JSON or Plist */ = {
			isa = PBXNativeTarget;
			buildConfigurationList = C9304B9923AEB810000B9388 /* Build configuration list for PBXNativeTarget "View JSON or Plist" */;
			buildPhases = (
				C9304B8523AEB810000B9388 /* Sources */,
				C9304B8623AEB810000B9388 /* Frameworks */,
				C9304B8723AEB810000B9388 /* Resources */,
			);
			buildRules = (
			);
			dependencies = (
			);
			name = "View JSON or Plist";
			productName = "View JSON or Plist";
			productReference = C9304B8923AEB810000B9388 /* View JSON or Plist.appex */;
			productType = "com.apple.product-type.app-extension";
		};
		C935AA4923A445FA00C9B34A /* Plistor */ = {
			isa = PBXNativeTarget;
			buildConfigurationList = C935AA6023A445FC00C9B34A /* Build configuration list for PBXNativeTarget "Plistor" */;
			buildPhases = (
				C935AA4623A445FA00C9B34A /* Sources */,
				C935AA4723A445FA00C9B34A /* Frameworks */,
				C935AA4823A445FA00C9B34A /* Resources */,
				C9304B9623AEB810000B9388 /* Embed App Extensions */,
			);
			buildRules = (
			);
			dependencies = (
				C9304B9423AEB810000B9388 /* PBXTargetDependency */,
			);
			name = Plistor;
			productName = Plistor;
			productReference = C935AA4A23A445FA00C9B34A /* Plistor.app */;
			productType = "com.apple.product-type.application";
		};
/* End PBXNativeTarget section */

/* Begin PBXProject section */
		C935AA4223A445FA00C9B34A /* Project object */ = {
			isa = PBXProject;
			attributes = {
				LastSwiftUpdateCheck = 1120;
				LastUpgradeCheck = 1120;
				ORGANIZATIONNAME = "Adrian Labbé";
				TargetAttributes = {
					C9304B8823AEB810000B9388 = {
						CreatedOnToolsVersion = 11.2.1;
					};
					C935AA4923A445FA00C9B34A = {
						CreatedOnToolsVersion = 11.2.1;
					};
				};
			};
			buildConfigurationList = C935AA4523A445FA00C9B34A /* Build configuration list for PBXProject "Plistor" */;
			compatibilityVersion = "Xcode 9.3";
			developmentRegion = en;
			hasScannedForEncodings = 0;
			knownRegions = (
				en,
				Base,
			);
			mainGroup = C935AA4123A445FA00C9B34A;
			productRefGroup = C935AA4B23A445FA00C9B34A /* Products */;
			projectDirPath = "";
			projectRoot = "";
			targets = (
				C935AA4923A445FA00C9B34A /* Plistor */,
				C9304B8823AEB810000B9388 /* View JSON or Plist */,
			);
		};
/* End PBXProject section */

/* Begin PBXResourcesBuildPhase section */
		C9304B8723AEB810000B9388 /* Resources */ = {
			isa = PBXResourcesBuildPhase;
			buildActionMask = 2147483647;
			files = (
				C9304B9C23AEC454000B9388 /* Main.storyboard in Resources */,
				C9304B8C23AEB810000B9388 /* Media.xcassets in Resources */,
				C9304B9B23AEBE61000B9388 /* ExtensionPreProcessing.js in Resources */,
				C9304B9D23AEC45B000B9388 /* TextField.xib in Resources */,
			);
			runOnlyForDeploymentPostprocessing = 0;
		};
		C935AA4823A445FA00C9B34A /* Resources */ = {
			isa = PBXResourcesBuildPhase;
			buildActionMask = 2147483647;
			files = (
				C935AA5C23A445FC00C9B34A /* LaunchScreen.storyboard in Resources */,
				C935AA5923A445FC00C9B34A /* Assets.xcassets in Resources */,
				C935AA6623A4477500C9B34A /* Property List.plist in Resources */,
				C958540223AC4FF7001B26CE /* TextField.xib in Resources */,
				C903DD6823A5430900CEA7AF /* Property List.json in Resources */,
				C935AA5723A445FA00C9B34A /* Main.storyboard in Resources */,
			);
			runOnlyForDeploymentPostprocessing = 0;
		};
/* End PBXResourcesBuildPhase section */

/* Begin PBXSourcesBuildPhase section */
		C9304B8523AEB810000B9388 /* Sources */ = {
			isa = PBXSourcesBuildPhase;
			buildActionMask = 2147483647;
			files = (
				C9304BA023AEC46B000B9388 /* Document.swift in Sources */,
				C9304BA223AEC46B000B9388 /* UITextView.swift in Sources */,
				C9304B9F23AEC46B000B9388 /* ConsoleViewController.swift in Sources */,
				C9304B9E23AEC46B000B9388 /* DocumentViewController.swift in Sources */,
				C9304BA323AECAA6000B9388 /* DocumentBrowserViewController.swift in Sources */,
				C9304BA123AEC46B000B9388 /* MovableTextField.swift in Sources */,
			);
			runOnlyForDeploymentPostprocessing = 0;
		};
		C935AA4623A445FA00C9B34A /* Sources */ = {
			isa = PBXSourcesBuildPhase;
			buildActionMask = 2147483647;
			files = (
				C95853FE23AC4ED2001B26CE /* MovableTextField.swift in Sources */,
				C958540623AC545E001B26CE /* UITextView.swift in Sources */,
				C97E7A4123A842170061DAE2 /* SceneDelegate.swift in Sources */,
				C935AA5423A445FA00C9B34A /* Document.swift in Sources */,
				C935AA5223A445FA00C9B34A /* DocumentViewController.swift in Sources */,
				C958540023AC4F26001B26CE /* ConsoleViewController.swift in Sources */,
				C935AA5023A445FA00C9B34A /* DocumentBrowserViewController.swift in Sources */,
				C935AA4E23A445FA00C9B34A /* AppDelegate.swift in Sources */,
			);
			runOnlyForDeploymentPostprocessing = 0;
		};
/* End PBXSourcesBuildPhase section */

/* Begin PBXTargetDependency section */
		C9304B9423AEB810000B9388 /* PBXTargetDependency */ = {
			isa = PBXTargetDependency;
			target = C9304B8823AEB810000B9388 /* View JSON or Plist */;
			targetProxy = C9304B9323AEB810000B9388 /* PBXContainerItemProxy */;
		};
/* End PBXTargetDependency section */

/* Begin PBXVariantGroup section */
		C935AA5523A445FA00C9B34A /* Main.storyboard */ = {
			isa = PBXVariantGroup;
			children = (
				C935AA5623A445FA00C9B34A /* Base */,
			);
			name = Main.storyboard;
			sourceTree = "<group>";
		};
		C935AA5A23A445FC00C9B34A /* LaunchScreen.storyboard */ = {
			isa = PBXVariantGroup;
			children = (
				C935AA5B23A445FC00C9B34A /* Base */,
			);
			name = LaunchScreen.storyboard;
			sourceTree = "<group>";
		};
/* End PBXVariantGroup section */

/* Begin XCBuildConfiguration section */
		C9304B9723AEB810000B9388 /* Debug */ = {
			isa = XCBuildConfiguration;
			buildSettings = {
				ASSETCATALOG_COMPILER_APPICON_NAME = AppIcon;
				CODE_SIGN_STYLE = Automatic;
				DEVELOPMENT_TEAM = Y96PL6G497;
				GCC_PREPROCESSOR_DEFINITIONS = "DEBUG=1";
				INFOPLIST_FILE = "View JSON or Plist/Info.plist";
				LD_RUNPATH_SEARCH_PATHS = (
					"$(inherited)",
					"@executable_path/Frameworks",
					"@executable_path/../../Frameworks",
				);
				OTHER_CFLAGS = "";
				PRODUCT_BUNDLE_IDENTIFIER = "ch.ada.Plistor.View-JSON-or-Plist";
				PRODUCT_NAME = "View JSON or Plist";
				SKIP_INSTALL = YES;
				SWIFT_ACTIVE_COMPILATION_CONDITIONS = "DEBUG APP_EXTENSION";
				SWIFT_VERSION = 5.0;
				TARGETED_DEVICE_FAMILY = "1,2";
			};
			name = Debug;
		};
		C9304B9823AEB810000B9388 /* Release */ = {
			isa = XCBuildConfiguration;
			buildSettings = {
				ASSETCATALOG_COMPILER_APPICON_NAME = AppIcon;
				CODE_SIGN_STYLE = Automatic;
				DEVELOPMENT_TEAM = Y96PL6G497;
				GCC_PREPROCESSOR_DEFINITIONS = "";
				INFOPLIST_FILE = "View JSON or Plist/Info.plist";
				LD_RUNPATH_SEARCH_PATHS = (
					"$(inherited)",
					"@executable_path/Frameworks",
					"@executable_path/../../Frameworks",
				);
				OTHER_CFLAGS = "";
				PRODUCT_BUNDLE_IDENTIFIER = "ch.ada.Plistor.View-JSON-or-Plist";
				PRODUCT_NAME = "View JSON or Plist";
				SKIP_INSTALL = YES;
				SWIFT_ACTIVE_COMPILATION_CONDITIONS = APP_EXTENSION;
				SWIFT_VERSION = 5.0;
				TARGETED_DEVICE_FAMILY = "1,2";
			};
			name = Release;
		};
		C935AA5E23A445FC00C9B34A /* Debug */ = {
			isa = XCBuildConfiguration;
			buildSettings = {
				ALWAYS_SEARCH_USER_PATHS = NO;
				CLANG_ANALYZER_NONNULL = YES;
				CLANG_ANALYZER_NUMBER_OBJECT_CONVERSION = YES_AGGRESSIVE;
				CLANG_CXX_LANGUAGE_STANDARD = "gnu++14";
				CLANG_CXX_LIBRARY = "libc++";
				CLANG_ENABLE_MODULES = YES;
				CLANG_ENABLE_OBJC_ARC = YES;
				CLANG_ENABLE_OBJC_WEAK = YES;
				CLANG_WARN_BLOCK_CAPTURE_AUTORELEASING = YES;
				CLANG_WARN_BOOL_CONVERSION = YES;
				CLANG_WARN_COMMA = YES;
				CLANG_WARN_CONSTANT_CONVERSION = YES;
				CLANG_WARN_DEPRECATED_OBJC_IMPLEMENTATIONS = YES;
				CLANG_WARN_DIRECT_OBJC_ISA_USAGE = YES_ERROR;
				CLANG_WARN_DOCUMENTATION_COMMENTS = YES;
				CLANG_WARN_EMPTY_BODY = YES;
				CLANG_WARN_ENUM_CONVERSION = YES;
				CLANG_WARN_INFINITE_RECURSION = YES;
				CLANG_WARN_INT_CONVERSION = YES;
				CLANG_WARN_NON_LITERAL_NULL_CONVERSION = YES;
				CLANG_WARN_OBJC_IMPLICIT_RETAIN_SELF = YES;
				CLANG_WARN_OBJC_LITERAL_CONVERSION = YES;
				CLANG_WARN_OBJC_ROOT_CLASS = YES_ERROR;
				CLANG_WARN_RANGE_LOOP_ANALYSIS = YES;
				CLANG_WARN_STRICT_PROTOTYPES = YES;
				CLANG_WARN_SUSPICIOUS_MOVE = YES;
				CLANG_WARN_UNGUARDED_AVAILABILITY = YES_AGGRESSIVE;
				CLANG_WARN_UNREACHABLE_CODE = YES;
				CLANG_WARN__DUPLICATE_METHOD_MATCH = YES;
				COPY_PHASE_STRIP = NO;
				DEBUG_INFORMATION_FORMAT = dwarf;
				ENABLE_STRICT_OBJC_MSGSEND = YES;
				ENABLE_TESTABILITY = YES;
				GCC_C_LANGUAGE_STANDARD = gnu11;
				GCC_DYNAMIC_NO_PIC = NO;
				GCC_NO_COMMON_BLOCKS = YES;
				GCC_OPTIMIZATION_LEVEL = 0;
				GCC_PREPROCESSOR_DEFINITIONS = (
					"DEBUG=1",
					"$(inherited)",
				);
				GCC_WARN_64_TO_32_BIT_CONVERSION = YES;
				GCC_WARN_ABOUT_RETURN_TYPE = YES_ERROR;
				GCC_WARN_UNDECLARED_SELECTOR = YES;
				GCC_WARN_UNINITIALIZED_AUTOS = YES_AGGRESSIVE;
				GCC_WARN_UNUSED_FUNCTION = YES;
				GCC_WARN_UNUSED_VARIABLE = YES;
				IPHONEOS_DEPLOYMENT_TARGET = 13.2;
				MTL_ENABLE_DEBUG_INFO = INCLUDE_SOURCE;
				MTL_FAST_MATH = YES;
				ONLY_ACTIVE_ARCH = YES;
				SDKROOT = iphoneos;
				SWIFT_ACTIVE_COMPILATION_CONDITIONS = DEBUG;
				SWIFT_OPTIMIZATION_LEVEL = "-Onone";
			};
			name = Debug;
		};
		C935AA5F23A445FC00C9B34A /* Release */ = {
			isa = XCBuildConfiguration;
			buildSettings = {
				ALWAYS_SEARCH_USER_PATHS = NO;
				CLANG_ANALYZER_NONNULL = YES;
				CLANG_ANALYZER_NUMBER_OBJECT_CONVERSION = YES_AGGRESSIVE;
				CLANG_CXX_LANGUAGE_STANDARD = "gnu++14";
				CLANG_CXX_LIBRARY = "libc++";
				CLANG_ENABLE_MODULES = YES;
				CLANG_ENABLE_OBJC_ARC = YES;
				CLANG_ENABLE_OBJC_WEAK = YES;
				CLANG_WARN_BLOCK_CAPTURE_AUTORELEASING = YES;
				CLANG_WARN_BOOL_CONVERSION = YES;
				CLANG_WARN_COMMA = YES;
				CLANG_WARN_CONSTANT_CONVERSION = YES;
				CLANG_WARN_DEPRECATED_OBJC_IMPLEMENTATIONS = YES;
				CLANG_WARN_DIRECT_OBJC_ISA_USAGE = YES_ERROR;
				CLANG_WARN_DOCUMENTATION_COMMENTS = YES;
				CLANG_WARN_EMPTY_BODY = YES;
				CLANG_WARN_ENUM_CONVERSION = YES;
				CLANG_WARN_INFINITE_RECURSION = YES;
				CLANG_WARN_INT_CONVERSION = YES;
				CLANG_WARN_NON_LITERAL_NULL_CONVERSION = YES;
				CLANG_WARN_OBJC_IMPLICIT_RETAIN_SELF = YES;
				CLANG_WARN_OBJC_LITERAL_CONVERSION = YES;
				CLANG_WARN_OBJC_ROOT_CLASS = YES_ERROR;
				CLANG_WARN_RANGE_LOOP_ANALYSIS = YES;
				CLANG_WARN_STRICT_PROTOTYPES = YES;
				CLANG_WARN_SUSPICIOUS_MOVE = YES;
				CLANG_WARN_UNGUARDED_AVAILABILITY = YES_AGGRESSIVE;
				CLANG_WARN_UNREACHABLE_CODE = YES;
				CLANG_WARN__DUPLICATE_METHOD_MATCH = YES;
				COPY_PHASE_STRIP = NO;
				DEBUG_INFORMATION_FORMAT = "dwarf-with-dsym";
				ENABLE_NS_ASSERTIONS = NO;
				ENABLE_STRICT_OBJC_MSGSEND = YES;
				GCC_C_LANGUAGE_STANDARD = gnu11;
				GCC_NO_COMMON_BLOCKS = YES;
				GCC_WARN_64_TO_32_BIT_CONVERSION = YES;
				GCC_WARN_ABOUT_RETURN_TYPE = YES_ERROR;
				GCC_WARN_UNDECLARED_SELECTOR = YES;
				GCC_WARN_UNINITIALIZED_AUTOS = YES_AGGRESSIVE;
				GCC_WARN_UNUSED_FUNCTION = YES;
				GCC_WARN_UNUSED_VARIABLE = YES;
				IPHONEOS_DEPLOYMENT_TARGET = 13.2;
				MTL_ENABLE_DEBUG_INFO = NO;
				MTL_FAST_MATH = YES;
				SDKROOT = iphoneos;
				SWIFT_COMPILATION_MODE = wholemodule;
				SWIFT_OPTIMIZATION_LEVEL = "-O";
				VALIDATE_PRODUCT = YES;
			};
			name = Release;
		};
		C935AA6123A445FC00C9B34A /* Debug */ = {
			isa = XCBuildConfiguration;
			buildSettings = {
				ALWAYS_EMBED_SWIFT_STANDARD_LIBRARIES = YES;
				ASSETCATALOG_COMPILER_APPICON_NAME = AppIcon;
				CODE_SIGN_ENTITLEMENTS = Plistor/Plistor.entitlements;
				CODE_SIGN_STYLE = Automatic;
				DERIVE_MACCATALYST_PRODUCT_BUNDLE_IDENTIFIER = YES;
				DEVELOPMENT_TEAM = Y96PL6G497;
				INFOPLIST_FILE = Plistor/Info.plist;
				IPHONEOS_DEPLOYMENT_TARGET = 13.0;
				LD_RUNPATH_SEARCH_PATHS = (
					"$(inherited)",
					"@executable_path/Frameworks",
				);
				PRODUCT_BUNDLE_IDENTIFIER = ch.ada.Plistor;
				PRODUCT_NAME = "$(TARGET_NAME)";
				SUPPORTS_MACCATALYST = YES;
				SWIFT_VERSION = 5.0;
				TARGETED_DEVICE_FAMILY = "1,2";
			};
			name = Debug;
		};
		C935AA6223A445FC00C9B34A /* Release */ = {
			isa = XCBuildConfiguration;
			buildSettings = {
				ALWAYS_EMBED_SWIFT_STANDARD_LIBRARIES = YES;
				ASSETCATALOG_COMPILER_APPICON_NAME = AppIcon;
				CODE_SIGN_ENTITLEMENTS = Plistor/Plistor.entitlements;
				CODE_SIGN_STYLE = Automatic;
				DERIVE_MACCATALYST_PRODUCT_BUNDLE_IDENTIFIER = YES;
				DEVELOPMENT_TEAM = Y96PL6G497;
				INFOPLIST_FILE = Plistor/Info.plist;
				IPHONEOS_DEPLOYMENT_TARGET = 13.0;
				LD_RUNPATH_SEARCH_PATHS = (
					"$(inherited)",
					"@executable_path/Frameworks",
				);
				PRODUCT_BUNDLE_IDENTIFIER = ch.ada.Plistor;
				PRODUCT_NAME = "$(TARGET_NAME)";
				SUPPORTS_MACCATALYST = YES;
				SWIFT_VERSION = 5.0;
				TARGETED_DEVICE_FAMILY = "1,2";
			};
			name = Release;
		};
/* End XCBuildConfiguration section */

/* Begin XCConfigurationList section */
		C9304B9923AEB810000B9388 /* Build configuration list for PBXNativeTarget "View JSON or Plist" */ = {
			isa = XCConfigurationList;
			buildConfigurations = (
				C9304B9723AEB810000B9388 /* Debug */,
				C9304B9823AEB810000B9388 /* Release */,
			);
			defaultConfigurationIsVisible = 0;
			defaultConfigurationName = Release;
		};
		C935AA4523A445FA00C9B34A /* Build configuration list for PBXProject "Plistor" */ = {
			isa = XCConfigurationList;
			buildConfigurations = (
				C935AA5E23A445FC00C9B34A /* Debug */,
				C935AA5F23A445FC00C9B34A /* Release */,
			);
			defaultConfigurationIsVisible = 0;
			defaultConfigurationName = Release;
		};
		C935AA6023A445FC00C9B34A /* Build configuration list for PBXNativeTarget "Plistor" */ = {
			isa = XCConfigurationList;
			buildConfigurations = (
				C935AA6123A445FC00C9B34A /* Debug */,
				C935AA6223A445FC00C9B34A /* Release */,
			);
			defaultConfigurationIsVisible = 0;
			defaultConfigurationName = Release;
		};
/* End XCConfigurationList section */
	};
	rootObject = C935AA4223A445FA00C9B34A /* Project object */;
}
